
Microsoft Visual Studio Solution File, Format Version 12.00
# Visual Studio Version 17
VisualStudioVersion = 17.1.32407.343
MinimumVisualStudioVersion = 10.0.40219.1
Project("{FAE04EC0-301F-11D3-BF4B-00C04F79EFBC}") = "Pomodoro", "Pomodoro.csproj", "{0328F510-4415-4A0F-9F19-A1C045BDF494}"
EndProject
Global
	GlobalSection(SolutionConfigurationPlatforms) = preSolution
		Debug|Any CPU = Debug|Any CPU
		Release|Any CPU = Release|Any CPU
	EndGlobalSection
	GlobalSection(ProjectConfigurationPlatforms) = postSolution
		{0328F510-4415-4A0F-9F19-A1C045BDF494}.Debug|Any CPU.ActiveCfg = Debug|Any CPU
		{0328F510-4415-4A0F-9F19-A1C045BDF494}.Debug|Any CPU.Build.0 = Debug|Any CPU
		{0328F510-4415-4A0F-9F19-A1C045BDF494}.Release|Any CPU.ActiveCfg = Release|Any CPU
		{0328F510-4415-4A0F-9F19-A1C045BDF494}.Release|Any CPU.Build.0 = Release|Any CPU
	EndGlobalSection
	GlobalSection(SolutionProperties) = preSolution
		HideSolutionNode = FALSE
	EndGlobalSection
	GlobalSection(ExtensibilityGlobals) = postSolution
		SolutionGuid = {47C25BE8-3F92-42E2-BF3B-07260DC4A62B}
	EndGlobalSection
EndGlobal
